
Microsoft Visual Studio Solution File, Format Version 12.00
# Visual Studio Version 16
VisualStudioVersion = 16.0.29728.190
MinimumVisualStudioVersion = 10.0.40219.1
Project("{9A19103F-16F7-4668-BE54-9A1E7A4F7556}") = "Homework", "Homework\Homework.csproj", "{2E6C72A7-53E4-44A7-A20C-35D42C78F979}"
EndProject
Project("{9A19103F-16F7-4668-BE54-9A1E7A4F7556}") = "CinemaAdviser", "CinemaAdviser\CinemaAdviser.csproj", "{00858E27-55AB-4D07-8881-B9AA540CF092}"
EndProject
Project("{9A19103F-16F7-4668-BE54-9A1E7A4F7556}") = "TurtleTraining", "TurtleTraining\TurtleTraining.csproj", "{4FE7C319-FDB4-4496-9FFD-63CE7F05127F}"
EndProject
Project("{FAE04EC0-301F-11D3-BF4B-00C04F79EFBC}") = "TurtleTrainingNetFramework", "TurtleTrainingNetFramework\TurtleTrainingNetFramework.csproj", "{788B5580-94E1-451D-87E0-C46C7B8AEC0C}"
EndProject
Project("{FAE04EC0-301F-11D3-BF4B-00C04F79EFBC}") = "TurtleGame", "TurtleGame\TurtleGame.csproj", "{DFB870E9-E7C1-4739-94FA-80EE084BFE55}"
EndProject
Project("{FAE04EC0-301F-11D3-BF4B-00C04F79EFBC}") = "TurtleGame_OOP", "TurtleGame_OOP\TurtleGame_OOP.csproj", "{A45A1B3B-25DB-4F53-8BD5-ED08B8227B2B}"
EndProject
Project("{FAE04EC0-301F-11D3-BF4B-00C04F79EFBC}") = "MoneyConverter", "MoneyConverter\MoneyConverter.csproj", "{DE6AF606-E6FD-4409-B729-0CFB3A880374}"
EndProject
Global
	GlobalSection(SolutionConfigurationPlatforms) = preSolution
		Debug|Any CPU = Debug|Any CPU
		Release|Any CPU = Release|Any CPU
	EndGlobalSection
	GlobalSection(ProjectConfigurationPlatforms) = postSolution
		{2E6C72A7-53E4-44A7-A20C-35D42C78F979}.Debug|Any CPU.ActiveCfg = Debug|Any CPU
		{2E6C72A7-53E4-44A7-A20C-35D42C78F979}.Debug|Any CPU.Build.0 = Debug|Any CPU
		{2E6C72A7-53E4-44A7-A20C-35D42C78F979}.Release|Any CPU.ActiveCfg = Release|Any CPU
		{2E6C72A7-53E4-44A7-A20C-35D42C78F979}.Release|Any CPU.Build.0 = Release|Any CPU
		{00858E27-55AB-4D07-8881-B9AA540CF092}.Debug|Any CPU.ActiveCfg = Debug|Any CPU
		{00858E27-55AB-4D07-8881-B9AA540CF092}.Debug|Any CPU.Build.0 = Debug|Any CPU
		{00858E27-55AB-4D07-8881-B9AA540CF092}.Release|Any CPU.ActiveCfg = Release|Any CPU
		{00858E27-55AB-4D07-8881-B9AA540CF092}.Release|Any CPU.Build.0 = Release|Any CPU
		{4FE7C319-FDB4-4496-9FFD-63CE7F05127F}.Debug|Any CPU.ActiveCfg = Debug|Any CPU
		{4FE7C319-FDB4-4496-9FFD-63CE7F05127F}.Debug|Any CPU.Build.0 = Debug|Any CPU
		{4FE7C319-FDB4-4496-9FFD-63CE7F05127F}.Release|Any CPU.ActiveCfg = Release|Any CPU
		{4FE7C319-FDB4-4496-9FFD-63CE7F05127F}.Release|Any CPU.Build.0 = Release|Any CPU
		{788B5580-94E1-451D-87E0-C46C7B8AEC0C}.Debug|Any CPU.ActiveCfg = Debug|Any CPU
		{788B5580-94E1-451D-87E0-C46C7B8AEC0C}.Debug|Any CPU.Build.0 = Debug|Any CPU
		{788B5580-94E1-451D-87E0-C46C7B8AEC0C}.Release|Any CPU.ActiveCfg = Release|Any CPU
		{788B5580-94E1-451D-87E0-C46C7B8AEC0C}.Release|Any CPU.Build.0 = Release|Any CPU
		{DFB870E9-E7C1-4739-94FA-80EE084BFE55}.Debug|Any CPU.ActiveCfg = Debug|Any CPU
		{DFB870E9-E7C1-4739-94FA-80EE084BFE55}.Debug|Any CPU.Build.0 = Debug|Any CPU
		{DFB870E9-E7C1-4739-94FA-80EE084BFE55}.Release|Any CPU.ActiveCfg = Release|Any CPU
		{DFB870E9-E7C1-4739-94FA-80EE084BFE55}.Release|Any CPU.Build.0 = Release|Any CPU
		{A45A1B3B-25DB-4F53-8BD5-ED08B8227B2B}.Debug|Any CPU.ActiveCfg = Debug|Any CPU
		{A45A1B3B-25DB-4F53-8BD5-ED08B8227B2B}.Debug|Any CPU.Build.0 = Debug|Any CPU
		{A45A1B3B-25DB-4F53-8BD5-ED08B8227B2B}.Release|Any CPU.ActiveCfg = Release|Any CPU
		{A45A1B3B-25DB-4F53-8BD5-ED08B8227B2B}.Release|Any CPU.Build.0 = Release|Any CPU
		{DE6AF606-E6FD-4409-B729-0CFB3A880374}.Debug|Any CPU.ActiveCfg = Debug|Any CPU
		{DE6AF606-E6FD-4409-B729-0CFB3A880374}.Debug|Any CPU.Build.0 = Debug|Any CPU
		{DE6AF606-E6FD-4409-B729-0CFB3A880374}.Release|Any CPU.ActiveCfg = Release|Any CPU
		{DE6AF606-E6FD-4409-B729-0CFB3A880374}.Release|Any CPU.Build.0 = Release|Any CPU
	EndGlobalSection
	GlobalSection(SolutionProperties) = preSolution
		HideSolutionNode = FALSE
	EndGlobalSection
	GlobalSection(ExtensibilityGlobals) = postSolution
		SolutionGuid = {C1768A5F-6FC1-4D78-BF0A-5C6C1C9E54AA}
	EndGlobalSection
EndGlobal
